
Microsoft Visual Studio Solution File, Format Version 12.00
# Visual Studio Version 17
VisualStudioVersion = 17.7.34221.43
MinimumVisualStudioVersion = 10.0.40219.1
Project("{2150E333-8FDC-42A3-9474-1A3956D46DE8}") = "Application", "Application", "{3857C34E-3519-4AC2-AF12-7CD3022E9CAF}"
EndProject
Project("{2150E333-8FDC-42A3-9474-1A3956D46DE8}") = "Domain", "Domain", "{C584F76E-85EB-4662-92DD-D964A64D4468}"
EndProject
Project("{FAE04EC0-301F-11D3-BF4B-00C04F79EFBC}") = "Api", "Application\Api\Api.csproj", "{163D679F-C7E4-47EC-9EF7-E1185957FAEC}"
EndProject
Project("{FAE04EC0-301F-11D3-BF4B-00C04F79EFBC}") = "Dto", "Application\Dto\Dto.csproj", "{39CB8664-3FD7-47FD-B6EB-462FAF6D1D1F}"
EndProject
Project("{FAE04EC0-301F-11D3-BF4B-00C04F79EFBC}") = "DomainModel", "Domain\DomainModel\DomainModel.csproj", "{A875E5E0-F882-40BF-8CC0-2CF8812A5C2E}"
EndProject
Project("{FAE04EC0-301F-11D3-BF4B-00C04F79EFBC}") = "DomainService", "Domain\DomainService\DomainService.csproj", "{0D7305BA-7BE7-469F-B8BB-79CCC70EC0BD}"
EndProject
Global
	GlobalSection(SolutionConfigurationPlatforms) = preSolution
		Debug|Any CPU = Debug|Any CPU
		Release|Any CPU = Release|Any CPU
	EndGlobalSection
	GlobalSection(ProjectConfigurationPlatforms) = postSolution
		{163D679F-C7E4-47EC-9EF7-E1185957FAEC}.Debug|Any CPU.ActiveCfg = Debug|Any CPU
		{163D679F-C7E4-47EC-9EF7-E1185957FAEC}.Debug|Any CPU.Build.0 = Debug|Any CPU
		{163D679F-C7E4-47EC-9EF7-E1185957FAEC}.Release|Any CPU.ActiveCfg = Release|Any CPU
		{163D679F-C7E4-47EC-9EF7-E1185957FAEC}.Release|Any CPU.Build.0 = Release|Any CPU
		{39CB8664-3FD7-47FD-B6EB-462FAF6D1D1F}.Debug|Any CPU.ActiveCfg = Debug|Any CPU
		{39CB8664-3FD7-47FD-B6EB-462FAF6D1D1F}.Debug|Any CPU.Build.0 = Debug|Any CPU
		{39CB8664-3FD7-47FD-B6EB-462FAF6D1D1F}.Release|Any CPU.ActiveCfg = Release|Any CPU
		{39CB8664-3FD7-47FD-B6EB-462FAF6D1D1F}.Release|Any CPU.Build.0 = Release|Any CPU
		{A875E5E0-F882-40BF-8CC0-2CF8812A5C2E}.Debug|Any CPU.ActiveCfg = Debug|Any CPU
		{A875E5E0-F882-40BF-8CC0-2CF8812A5C2E}.Debug|Any CPU.Build.0 = Debug|Any CPU
		{A875E5E0-F882-40BF-8CC0-2CF8812A5C2E}.Release|Any CPU.ActiveCfg = Release|Any CPU
		{A875E5E0-F882-40BF-8CC0-2CF8812A5C2E}.Release|Any CPU.Build.0 = Release|Any CPU
		{0D7305BA-7BE7-469F-B8BB-79CCC70EC0BD}.Debug|Any CPU.ActiveCfg = Debug|Any CPU
		{0D7305BA-7BE7-469F-B8BB-79CCC70EC0BD}.Debug|Any CPU.Build.0 = Debug|Any CPU
		{0D7305BA-7BE7-469F-B8BB-79CCC70EC0BD}.Release|Any CPU.ActiveCfg = Release|Any CPU
		{0D7305BA-7BE7-469F-B8BB-79CCC70EC0BD}.Release|Any CPU.Build.0 = Release|Any CPU
	EndGlobalSection
	GlobalSection(SolutionProperties) = preSolution
		HideSolutionNode = FALSE
	EndGlobalSection
	GlobalSection(NestedProjects) = preSolution
		{163D679F-C7E4-47EC-9EF7-E1185957FAEC} = {3857C34E-3519-4AC2-AF12-7CD3022E9CAF}
		{39CB8664-3FD7-47FD-B6EB-462FAF6D1D1F} = {3857C34E-3519-4AC2-AF12-7CD3022E9CAF}
		{A875E5E0-F882-40BF-8CC0-2CF8812A5C2E} = {C584F76E-85EB-4662-92DD-D964A64D4468}
		{0D7305BA-7BE7-469F-B8BB-79CCC70EC0BD} = {C584F76E-85EB-4662-92DD-D964A64D4468}
	EndGlobalSection
	GlobalSection(ExtensibilityGlobals) = postSolution
		SolutionGuid = {E8BCBF88-039D-4B4A-A246-CAE3B3247F0F}
	EndGlobalSection
EndGlobal
